<?xml version="1.0" encoding="utf-8"?>
<Project ToolsVersion="4.0" xmlns="http://schemas.microsoft.com/developer/msbuild/2003">
  <ItemGroup>
    <Filter Include="src">
      <UniqueIdentifier>{5ea70346-3746-4030-aa97-b74e6c491696}</UniqueIdentifier>
    </Filter>
  </ItemGroup>
  <ItemGroup>
    <ClCompile Include="src\main.cpp">
      <Filter>src</Filter>
    </ClCompile>
    <ClCompile Include="src\util_objfile.cpp">
      <Filter>src</Filter>
    </ClCompile>
    <ClCompile Include="src\game_object.cpp">
      <Filter>src</Filter>
    </ClCompile>
    <ClCompile Include="src\renderer.cpp">
      <Filter>src</Filter>
    </ClCompile>
    <ClCompile Include="src\render_buffer.cpp">
      <Filter>src</Filter>
    </ClCompile>
    <ClCompile Include="src\gl_engine.cpp">
      <Filter>src</Filter>
    </ClCompile>
    <ClCompile Include="src\scene.cpp" />
    <ClCompile Include="src\Camera.cpp">
      <Filter>src</Filter>
    </ClCompile>
  </ItemGroup>
  <ItemGroup>
    <None Include=".clang-format" />
    <None Include="packages.config" />
  </ItemGroup>
  <ItemGroup>
    <ClInclude Include="src\render_buffer.hpp">
      <Filter>src</Filter>
    </ClInclude>
    <ClInclude Include="src\color.hpp">
      <Filter>src</Filter>
    </ClInclude>
    <ClInclude Include="src\renderer.hpp">
      <Filter>src</Filter>
    </ClInclude>
    <ClInclude Include="src\camera.hpp">
      <Filter>src</Filter>
    </ClInclude>
    <ClInclude Include="src\util_objfile.hpp">
      <Filter>src</Filter>
    </ClInclude>
    <ClInclude Include="src\game_object.hpp">
      <Filter>src</Filter>
    </ClInclude>
    <ClInclude Include="src\constants.hpp">
      <Filter>src</Filter>
    </ClInclude>
    <ClInclude Include="src\gl_engine.hpp">
      <Filter>src</Filter>
    </ClInclude>
    <ClInclude Include="src\scene.hpp">
      <Filter>src</Filter>
    </ClInclude>
    <ClInclude Include="src\light_source.hpp">
      <Filter>src</Filter>
    </ClInclude>
  </ItemGroup>
</Project>