<?xml version="1.0" encoding="utf-8"?>
<Project ToolsVersion="4.0" xmlns="http://schemas.microsoft.com/developer/msbuild/2003">
  <ItemGroup>
    <ClCompile Include="src\camera.cpp">
      <Filter>cpp</Filter>
    </ClCompile>
    <ClCompile Include="src\gameobject_base.cpp">
      <Filter>cpp</Filter>
    </ClCompile>
    <ClCompile Include="src\gameobject_plane.cpp">
      <Filter>cpp</Filter>
    </ClCompile>
    <ClCompile Include="src\gameobject_polygonalmesh.cpp">
      <Filter>cpp</Filter>
    </ClCompile>
    <ClCompile Include="src\gameobject_sphere.cpp">
      <Filter>cpp</Filter>
    </ClCompile>
    <ClCompile Include="src\glengine.cpp">
      <Filter>cpp</Filter>
    </ClCompile>
    <ClCompile Include="src\main.cpp">
      <Filter>cpp</Filter>
    </ClCompile>
    <ClCompile Include="src\material_lambertian.cpp">
      <Filter>cpp</Filter>
    </ClCompile>
    <ClCompile Include="src\randomgenerator.cpp">
      <Filter>cpp</Filter>
    </ClCompile>
    <ClCompile Include="src\renderbuffer.cpp">
      <Filter>cpp</Filter>
    </ClCompile>
    <ClCompile Include="src\renderer_base.cpp">
      <Filter>cpp</Filter>
    </ClCompile>
    <ClCompile Include="src\renderer_bpt.cpp">
      <Filter>cpp</Filter>
    </ClCompile>
    <ClCompile Include="src\renderer_pathtracer.cpp">
      <Filter>cpp</Filter>
    </ClCompile>
    <ClCompile Include="src\renderer_phoneshader.cpp">
      <Filter>cpp</Filter>
    </ClCompile>
    <ClCompile Include="src\renderer_photonmapper.cpp">
      <Filter>cpp</Filter>
    </ClCompile>
    <ClCompile Include="src\scene.cpp">
      <Filter>cpp</Filter>
    </ClCompile>
    <ClCompile Include="src\texture.cpp">
      <Filter>cpp</Filter>
    </ClCompile>
    <ClCompile Include="src\util_objfile.cpp">
      <Filter>cpp</Filter>
    </ClCompile>
    <ClCompile Include="src\util_renderer.cpp">
      <Filter>cpp</Filter>
    </ClCompile>
    <ClCompile Include="src\util_texture.cpp">
      <Filter>cpp</Filter>
    </ClCompile>
  </ItemGroup>
  <ItemGroup>
    <ClInclude Include="src\bufferelements.hpp">
      <Filter>hpp</Filter>
    </ClInclude>
    <ClInclude Include="src\camera.hpp">
      <Filter>hpp</Filter>
    </ClInclude>
    <ClInclude Include="src\color.hpp">
      <Filter>hpp</Filter>
    </ClInclude>
    <ClInclude Include="src\directionallight.hpp">
      <Filter>hpp</Filter>
    </ClInclude>
    <ClInclude Include="src\gameobject_base.hpp">
      <Filter>hpp</Filter>
    </ClInclude>
    <ClInclude Include="src\gameobject_polygonalmesh.hpp">
      <Filter>hpp</Filter>
    </ClInclude>
    <ClInclude Include="src\gameobject_plane.hpp">
      <Filter>hpp</Filter>
    </ClInclude>
    <ClInclude Include="src\gameobject_sphere.hpp">
      <Filter>hpp</Filter>
    </ClInclude>
    <ClInclude Include="src\glengine.hpp">
      <Filter>hpp</Filter>
    </ClInclude>
    <ClInclude Include="src\material_base.hpp">
      <Filter>hpp</Filter>
    </ClInclude>
    <ClInclude Include="src\material_lambertian.hpp">
      <Filter>hpp</Filter>
    </ClInclude>
    <ClInclude Include="src\randomgenerator.hpp">
      <Filter>hpp</Filter>
    </ClInclude>
    <ClInclude Include="src\renderbuffer.hpp">
      <Filter>hpp</Filter>
    </ClInclude>
    <ClInclude Include="src\renderer_base.hpp">
      <Filter>hpp</Filter>
    </ClInclude>
    <ClInclude Include="src\renderer_bpt.hpp">
      <Filter>hpp</Filter>
    </ClInclude>
    <ClInclude Include="src\renderer_pathtracer.hpp">
      <Filter>hpp</Filter>
    </ClInclude>
    <ClInclude Include="src\renderer_phoneshader.hpp">
      <Filter>hpp</Filter>
    </ClInclude>
    <ClInclude Include="src\renderer_photonmapper.hpp">
      <Filter>hpp</Filter>
    </ClInclude>
    <ClInclude Include="src\scene.hpp">
      <Filter>hpp</Filter>
    </ClInclude>
    <ClInclude Include="src\texture.hpp">
      <Filter>hpp</Filter>
    </ClInclude>
    <ClInclude Include="src\util_objfile.hpp">
      <Filter>hpp</Filter>
    </ClInclude>
    <ClInclude Include="src\util_renderer.hpp">
      <Filter>hpp</Filter>
    </ClInclude>
    <ClInclude Include="src\util_texture.hpp">
      <Filter>hpp</Filter>
    </ClInclude>
  </ItemGroup>
  <ItemGroup>
    <None Include=".clang-format">
      <Filter>config</Filter>
    </None>
    <None Include="packages.config">
      <Filter>config</Filter>
    </None>
  </ItemGroup>
  <ItemGroup>
    <Filter Include="cpp">
      <UniqueIdentifier>{a7ec35fa-2e92-4a5d-bd6c-d7ce10a704d0}</UniqueIdentifier>
    </Filter>
    <Filter Include="hpp">
      <UniqueIdentifier>{c6e51d53-27db-4129-b2b8-8060c63a1d8b}</UniqueIdentifier>
    </Filter>
    <Filter Include="config">
      <UniqueIdentifier>{ba99d774-62d5-4e74-a56f-58d824e595d8}</UniqueIdentifier>
    </Filter>
  </ItemGroup>
</Project>